lockfileVersion: '6.0'

settings:
  autoInstallPeers: true
  excludeLinksFromLockfile: false

dependencies:
  '@types/node':
    specifier: ^20.8.8
    version: 20.8.9
  '@types/vscode':
    specifier: ^1.83.1
    version: 1.83.1
  esm:
    specifier: ^3.2.25
    version: 3.2.25
  isubo-core:
    specifier: link:../isubo-core/dist
    version: link:../isubo-core/dist

packages:

  /@types/node@20.8.9:
    resolution: {integrity: sha512-UzykFsT3FhHb1h7yD4CA4YhBHq545JC0YnEz41xkipN88eKQtL6rSgocL5tbAP6Ola9Izm/Aw4Ora8He4x0BHg==}
    dependencies:
      undici-types: 5.26.5
    dev: false

  /@types/vscode@1.83.1:
    resolution: {integrity: sha512-BHu51NaNKOtDf3BOonY3sKFFmZKEpRkzqkZVpSYxowLbs5JqjOQemYFob7Gs5rpxE5tiGhfpnMpcdF/oKrLg4w==}
    dev: false

  /esm@3.2.25:
    resolution: {integrity: sha512-U1suiZ2oDVWv4zPO56S0NcR5QriEahGtdN2OR6FiOG4WJvcjBVFB0qI4+eKoWFH483PKGuLuu6V8Z4T5g63UVA==}
    engines: {node: '>=6'}
    dev: false

  /undici-types@5.26.5:
    resolution: {integrity: sha512-JlCMO+ehdEIKqlFxk6IfVoAUVmgz7cU7zD/h9XZ0qzeosSHmUJVOzSQvvYSYWXkFXC+IfLKSIffhv0sVZup6pA==}
    dev: false
