# THIS IS AN AUTOGENERATED FILE. DO NOT EDIT THIS FILE DIRECTLY.
# yarn lockfile v1


"@types/node@^20.8.8":
  version "20.8.8"
  resolved "https://registry.yarnpkg.com/@types/node/-/node-20.8.8.tgz#adee050b422061ad5255fc38ff71b2bb96ea2a0e"
  integrity sha512-YRsdVxq6OaLfmR9Hy816IMp33xOBjfyOgUd77ehqg96CFywxAPbDbXvAsuN2KVg2HOT8Eh6uAfU+l4WffwPVrQ==
  dependencies:
    undici-types "~5.25.1"

"@types/vscode@^1.83.1":
  version "1.83.1"
  resolved "https://registry.yarnpkg.com/@types/vscode/-/vscode-1.83.1.tgz#fe51b3d913a5c5b265a622179ae4ab6c0af7d54e"
  integrity sha512-BHu51NaNKOtDf3BOonY3sKFFmZKEpRkzqkZVpSYxowLbs5JqjOQemYFob7Gs5rpxE5tiGhfpnMpcdF/oKrLg4w==

esm@^3.2.25:
  version "3.2.25"
  resolved "https://registry.yarnpkg.com/esm/-/esm-3.2.25.tgz#342c18c29d56157688ba5ce31f8431fbb795cc10"
  integrity sha512-U1suiZ2oDVWv4zPO56S0NcR5QriEahGtdN2OR6FiOG4WJvcjBVFB0qI4+eKoWFH483PKGuLuu6V8Z4T5g63UVA==

undici-types@~5.25.1:
  version "5.25.3"
  resolved "https://registry.yarnpkg.com/undici-types/-/undici-types-5.25.3.tgz#e044115914c85f0bcbb229f346ab739f064998c3"
  integrity sha512-Ga1jfYwRn7+cP9v8auvEXN1rX3sWqlayd4HP7OKk4mZWylEmu3KzXDUGrQUN6Ol7qo1gPvB2e5gX6udnyEPgdA==
